
Microsoft Visual Studio Solution File, Format Version 12.00
# Visual Studio 14
VisualStudioVersion = 14.0.25123.0
MinimumVisualStudioVersion = 10.0.40219.1
Project("{FAE04EC0-301F-11D3-BF4B-00C04F79EFBC}") = "StudentRecord_NotLayered_Console", "StudentRecord_NotLayered_Console\StudentRecord_NotLayered_Console.csproj", "{82C5B913-730B-46C0-8086-F7221FE3AC28}"
EndProject
Project("{FAE04EC0-301F-11D3-BF4B-00C04F79EFBC}") = "StudentRecord_NotLayered_WinForms", "StudentRecord_NotLayered_WinForms\StudentRecord_NotLayered_WinForms.csproj", "{66C19682-D865-4187-BB6F-AEDEB70060B0}"
EndProject
Project("{FAE04EC0-301F-11D3-BF4B-00C04F79EFBC}") = "StudentRecord_NotLayered_Spaghetti", "StudentRecord_NotLayered_Spaghetti\StudentRecord_NotLayered_Spaghetti.csproj", "{DA01A569-7BA3-4490-A997-294A1CFA2452}"
EndProject
Project("{FAE04EC0-301F-11D3-BF4B-00C04F79EFBC}") = "StudentRecord_NotLayered_Spaghetti_Simple", "StudentRecord_NotLayered_Spaghetti_Simple\StudentRecord_NotLayered_Spaghetti_Simple.csproj", "{C53EBB17-8A8F-448D-AF6C-982CE8905F48}"
EndProject
Global
	GlobalSection(SolutionConfigurationPlatforms) = preSolution
		Debug|Any CPU = Debug|Any CPU
		Release|Any CPU = Release|Any CPU
	EndGlobalSection
	GlobalSection(ProjectConfigurationPlatforms) = postSolution
		{82C5B913-730B-46C0-8086-F7221FE3AC28}.Debug|Any CPU.ActiveCfg = Debug|Any CPU
		{82C5B913-730B-46C0-8086-F7221FE3AC28}.Debug|Any CPU.Build.0 = Debug|Any CPU
		{82C5B913-730B-46C0-8086-F7221FE3AC28}.Release|Any CPU.ActiveCfg = Release|Any CPU
		{82C5B913-730B-46C0-8086-F7221FE3AC28}.Release|Any CPU.Build.0 = Release|Any CPU
		{66C19682-D865-4187-BB6F-AEDEB70060B0}.Debug|Any CPU.ActiveCfg = Debug|Any CPU
		{66C19682-D865-4187-BB6F-AEDEB70060B0}.Debug|Any CPU.Build.0 = Debug|Any CPU
		{66C19682-D865-4187-BB6F-AEDEB70060B0}.Release|Any CPU.ActiveCfg = Release|Any CPU
		{66C19682-D865-4187-BB6F-AEDEB70060B0}.Release|Any CPU.Build.0 = Release|Any CPU
		{DA01A569-7BA3-4490-A997-294A1CFA2452}.Debug|Any CPU.ActiveCfg = Debug|Any CPU
		{DA01A569-7BA3-4490-A997-294A1CFA2452}.Debug|Any CPU.Build.0 = Debug|Any CPU
		{DA01A569-7BA3-4490-A997-294A1CFA2452}.Release|Any CPU.ActiveCfg = Release|Any CPU
		{DA01A569-7BA3-4490-A997-294A1CFA2452}.Release|Any CPU.Build.0 = Release|Any CPU
		{C53EBB17-8A8F-448D-AF6C-982CE8905F48}.Debug|Any CPU.ActiveCfg = Debug|Any CPU
		{C53EBB17-8A8F-448D-AF6C-982CE8905F48}.Debug|Any CPU.Build.0 = Debug|Any CPU
		{C53EBB17-8A8F-448D-AF6C-982CE8905F48}.Release|Any CPU.ActiveCfg = Release|Any CPU
		{C53EBB17-8A8F-448D-AF6C-982CE8905F48}.Release|Any CPU.Build.0 = Release|Any CPU
	EndGlobalSection
	GlobalSection(SolutionProperties) = preSolution
		HideSolutionNode = FALSE
	EndGlobalSection
EndGlobal
